
Microsoft Visual Studio Solution File, Format Version 12.00
# Visual Studio Version 16
VisualStudioVersion = 16.0.30309.148
MinimumVisualStudioVersion = 10.0.40219.1
Project("{9A19103F-16F7-4668-BE54-9A1E7A4F7556}") = "quadratic_equation", "quadratic_equation\quadratic_equation.csproj", "{878E07B0-6ADD-4782-B4A6-53727DFD884B}"
EndProject
Project("{FAE04EC0-301F-11D3-BF4B-00C04F79EFBC}") = "TestingQuadraticEquation", "TestingQuadraticEquation\TestingQuadraticEquation.csproj", "{1F943509-F578-489E-946A-CFA3E3B0F809}"
EndProject
Global
	GlobalSection(SolutionConfigurationPlatforms) = preSolution
		Debug|Any CPU = Debug|Any CPU
		Release|Any CPU = Release|Any CPU
	EndGlobalSection
	GlobalSection(ProjectConfigurationPlatforms) = postSolution
		{878E07B0-6ADD-4782-B4A6-53727DFD884B}.Debug|Any CPU.ActiveCfg = Debug|Any CPU
		{878E07B0-6ADD-4782-B4A6-53727DFD884B}.Debug|Any CPU.Build.0 = Debug|Any CPU
		{878E07B0-6ADD-4782-B4A6-53727DFD884B}.Release|Any CPU.ActiveCfg = Release|Any CPU
		{878E07B0-6ADD-4782-B4A6-53727DFD884B}.Release|Any CPU.Build.0 = Release|Any CPU
		{1F943509-F578-489E-946A-CFA3E3B0F809}.Debug|Any CPU.ActiveCfg = Debug|Any CPU
		{1F943509-F578-489E-946A-CFA3E3B0F809}.Debug|Any CPU.Build.0 = Debug|Any CPU
		{1F943509-F578-489E-946A-CFA3E3B0F809}.Release|Any CPU.ActiveCfg = Release|Any CPU
		{1F943509-F578-489E-946A-CFA3E3B0F809}.Release|Any CPU.Build.0 = Release|Any CPU
	EndGlobalSection
	GlobalSection(SolutionProperties) = preSolution
		HideSolutionNode = FALSE
	EndGlobalSection
	GlobalSection(ExtensibilityGlobals) = postSolution
		SolutionGuid = {C71EA097-4147-44EF-BE44-1C5031925142}
	EndGlobalSection
EndGlobal
