
Microsoft Visual Studio Solution File, Format Version 12.00
# Visual Studio Version 16
VisualStudioVersion = 16.0.30320.27
MinimumVisualStudioVersion = 10.0.40219.1
Project("{FAE04EC0-301F-11D3-BF4B-00C04F79EFBC}") = "TestingWebSite", "ClassLibrary1\TestingWebSite.csproj", "{A39EDBB0-01FA-4181-9C67-DF01BE55F552}"
EndProject
Global
	GlobalSection(SolutionConfigurationPlatforms) = preSolution
		Debug|Any CPU = Debug|Any CPU
		Release|Any CPU = Release|Any CPU
	EndGlobalSection
	GlobalSection(ProjectConfigurationPlatforms) = postSolution
		{A39EDBB0-01FA-4181-9C67-DF01BE55F552}.Debug|Any CPU.ActiveCfg = Debug|Any CPU
		{A39EDBB0-01FA-4181-9C67-DF01BE55F552}.Debug|Any CPU.Build.0 = Debug|Any CPU
		{A39EDBB0-01FA-4181-9C67-DF01BE55F552}.Release|Any CPU.ActiveCfg = Release|Any CPU
		{A39EDBB0-01FA-4181-9C67-DF01BE55F552}.Release|Any CPU.Build.0 = Release|Any CPU
	EndGlobalSection
	GlobalSection(SolutionProperties) = preSolution
		HideSolutionNode = FALSE
	EndGlobalSection
	GlobalSection(ExtensibilityGlobals) = postSolution
		SolutionGuid = {881CE6A8-0F45-401C-BCEF-2C3DC314DB15}
	EndGlobalSection
EndGlobal
